
Microsoft Visual Studio Solution File, Format Version 12.00
# Visual Studio 15
VisualStudioVersion = 15.0.27130.2010
MinimumVisualStudioVersion = 10.0.40219.1
Project("{FAE04EC0-301F-11D3-BF4B-00C04F79EFBC}") = "emailCreator", "emailCreator\emailCreator.csproj", "{AF96FEB5-7ECF-467E-A63E-85A8F3751177}"
EndProject
Global
	GlobalSection(SolutionConfigurationPlatforms) = preSolution
		Debug|Any CPU = Debug|Any CPU
		Release|Any CPU = Release|Any CPU
	EndGlobalSection
	GlobalSection(ProjectConfigurationPlatforms) = postSolution
		{AF96FEB5-7ECF-467E-A63E-85A8F3751177}.Debug|Any CPU.ActiveCfg = Debug|Any CPU
		{AF96FEB5-7ECF-467E-A63E-85A8F3751177}.Debug|Any CPU.Build.0 = Debug|Any CPU
		{AF96FEB5-7ECF-467E-A63E-85A8F3751177}.Release|Any CPU.ActiveCfg = Release|Any CPU
		{AF96FEB5-7ECF-467E-A63E-85A8F3751177}.Release|Any CPU.Build.0 = Release|Any CPU
	EndGlobalSection
	GlobalSection(SolutionProperties) = preSolution
		HideSolutionNode = FALSE
	EndGlobalSection
	GlobalSection(ExtensibilityGlobals) = postSolution
		SolutionGuid = {1F329166-4967-4BA8-B44B-977A457AF00F}
	EndGlobalSection
EndGlobal
